PODS:
  - Alamofire (2.0.2)
  - MBProgressHUD (0.9.2)

DEPENDENCIES:
  - Alamofire (~> 2.0)
  - MBProgressHUD (~> 0.9.0)

SPEC CHECKSUMS:
  Alamofire: 8edbab00802a752bb5240cc2abe70e7e881488ad
  MBProgressHUD: 1569cf7ace17a8bac47aabfbb8580a49690386d1

PODFILE CHECKSUM: 9468a5e21c3e4b6a7d3e16aef74d0d917584b7d4

COCOAPODS: 1.2.1
